
Microsoft Visual Studio Solution File, Format Version 12.00
# Visual Studio 2013
VisualStudioVersion = 12.0.31101.0
MinimumVisualStudioVersion = 10.0.40219.1
Project("{FAE04EC0-301F-11D3-BF4B-00C04F79EFBC}") = "mylonite.extensions", "mylonite.extensions\mylonite.extensions.csproj", "{C1C49AD2-E1DE-41BE-BFDC-241E2EDF43A4}"
EndProject
Project("{FAE04EC0-301F-11D3-BF4B-00C04F79EFBC}") = "mylonite.core", "mylonite.core\mylonite.core.csproj", "{7B278400-5397-4911-A14F-2ADD8738FA74}"
EndProject
Project("{FAE04EC0-301F-11D3-BF4B-00C04F79EFBC}") = "mylonite.storage", "mylonite.storage\mylonite.storage.csproj", "{432B5AB5-EF57-4ACA-8268-354DC0140CF2}"
EndProject
Project("{2150E333-8FDC-42A3-9474-1A3956D46DE8}") = "lib", "lib", "{65655EFD-EFEA-49E0-9312-77581C9EAA18}"
EndProject
Project("{FAE04EC0-301F-11D3-BF4B-00C04F79EFBC}") = "mylonite.test", "mylonite.test\mylonite.test.csproj", "{5A991AF9-5EBB-44AC-B0F9-7FC05FA0DD12}"
EndProject
Project("{FAE04EC0-301F-11D3-BF4B-00C04F79EFBC}") = "LightningDB", "..\lib\lightning.net\src\LightningDB\LightningDB.csproj", "{4A034D32-98A2-4A6D-9569-D26B5C151AE0}"
EndProject
Global
	GlobalSection(SolutionConfigurationPlatforms) = preSolution
		Debug|x64 = Debug|x64
		Release|x64 = Release|x64
	EndGlobalSection
	GlobalSection(ProjectConfigurationPlatforms) = postSolution
		{C1C49AD2-E1DE-41BE-BFDC-241E2EDF43A4}.Debug|x64.ActiveCfg = Debug|x64
		{C1C49AD2-E1DE-41BE-BFDC-241E2EDF43A4}.Debug|x64.Build.0 = Debug|x64
		{C1C49AD2-E1DE-41BE-BFDC-241E2EDF43A4}.Release|x64.ActiveCfg = Release|x64
		{C1C49AD2-E1DE-41BE-BFDC-241E2EDF43A4}.Release|x64.Build.0 = Release|x64
		{7B278400-5397-4911-A14F-2ADD8738FA74}.Debug|x64.ActiveCfg = Debug|x64
		{7B278400-5397-4911-A14F-2ADD8738FA74}.Debug|x64.Build.0 = Debug|x64
		{7B278400-5397-4911-A14F-2ADD8738FA74}.Release|x64.ActiveCfg = Release|x64
		{7B278400-5397-4911-A14F-2ADD8738FA74}.Release|x64.Build.0 = Release|x64
		{432B5AB5-EF57-4ACA-8268-354DC0140CF2}.Debug|x64.ActiveCfg = Debug|x64
		{432B5AB5-EF57-4ACA-8268-354DC0140CF2}.Debug|x64.Build.0 = Debug|x64
		{432B5AB5-EF57-4ACA-8268-354DC0140CF2}.Release|x64.ActiveCfg = Release|x64
		{432B5AB5-EF57-4ACA-8268-354DC0140CF2}.Release|x64.Build.0 = Release|x64
		{5A991AF9-5EBB-44AC-B0F9-7FC05FA0DD12}.Debug|x64.ActiveCfg = Debug|x64
		{5A991AF9-5EBB-44AC-B0F9-7FC05FA0DD12}.Debug|x64.Build.0 = Debug|x64
		{5A991AF9-5EBB-44AC-B0F9-7FC05FA0DD12}.Release|x64.ActiveCfg = Release|x64
		{5A991AF9-5EBB-44AC-B0F9-7FC05FA0DD12}.Release|x64.Build.0 = Release|x64
		{4A034D32-98A2-4A6D-9569-D26B5C151AE0}.Debug|x64.ActiveCfg = Debug|x64
		{4A034D32-98A2-4A6D-9569-D26B5C151AE0}.Debug|x64.Build.0 = Debug|x64
		{4A034D32-98A2-4A6D-9569-D26B5C151AE0}.Release|x64.ActiveCfg = Release|x64
		{4A034D32-98A2-4A6D-9569-D26B5C151AE0}.Release|x64.Build.0 = Release|x64
	EndGlobalSection
	GlobalSection(SolutionProperties) = preSolution
		HideSolutionNode = FALSE
	EndGlobalSection
	GlobalSection(NestedProjects) = preSolution
		{4A034D32-98A2-4A6D-9569-D26B5C151AE0} = {65655EFD-EFEA-49E0-9312-77581C9EAA18}
	EndGlobalSection
EndGlobal
